
Microsoft Visual Studio Solution File, Format Version 12.00
Project("{FAE04EC0-301F-11D3-BF4B-00C04F79EFBC}") = "Mission6", "Mission6\Mission6.csproj", "{145A0D32-0952-4913-9A55-8B7F3AB329FC}"
EndProject
Global
	GlobalSection(SolutionConfigurationPlatforms) = preSolution
		Debug|Any CPU = Debug|Any CPU
		Release|Any CPU = Release|Any CPU
	EndGlobalSection
	GlobalSection(ProjectConfigurationPlatforms) = postSolution
		{145A0D32-0952-4913-9A55-8B7F3AB329FC}.Debug|Any CPU.ActiveCfg = Debug|Any CPU
		{145A0D32-0952-4913-9A55-8B7F3AB329FC}.Debug|Any CPU.Build.0 = Debug|Any CPU
		{145A0D32-0952-4913-9A55-8B7F3AB329FC}.Release|Any CPU.ActiveCfg = Release|Any CPU
		{145A0D32-0952-4913-9A55-8B7F3AB329FC}.Release|Any CPU.Build.0 = Release|Any CPU
	EndGlobalSection
EndGlobal
